// !$*UTF8*$!
{
	archiveVersion = 1;
	classes = {
	};
	objectVersion = 46;
	objects = {

/* Begin PBXBuildFile section */
		09386F331C9A77A20073B88E /* EUExScrawl.m in Sources */ = {isa = PBXBuildFile; fileRef = 09386F321C9A77A20073B88E /* EUExScrawl.m */; };
		093C84701CEF1FAD00BF4F1F /* Masonry.framework in Frameworks */ = {isa = PBXBuildFile; fileRef = 093C846F1CEF1FAD00BF4F1F /* Masonry.framework */; };
		093C84721CEF201100BF4F1F /* Masonry.framework in CopyFiles */ = {isa = PBXBuildFile; fileRef = 093C846F1CEF1FAD00BF4F1F /* Masonry.framework */; };
		09FAC4B41C9A7EE400B4B903 /* DrawerView.m in Sources */ = {isa = PBXBuildFile; fileRef = 09FAC4A31C9A7EE400B4B903 /* DrawerView.m */; };
		09FAC4B51C9A7EE400B4B903 /* HVWBezierPath.m in Sources */ = {isa = PBXBuildFile; fileRef = 09FAC4A51C9A7EE400B4B903 /* HVWBezierPath.m */; };
		09FAC4B61C9A7EE400B4B903 /* MyView.m in Sources */ = {isa = PBXBuildFile; fileRef = 09FAC4A71C9A7EE400B4B903 /* MyView.m */; };
		09FAC4B71C9A7EE400B4B903 /* PaintingViewController.m in Sources */ = {isa = PBXBuildFile; fileRef = 09FAC4A91C9A7EE400B4B903 /* PaintingViewController.m */; };
		21F384531D62A306008A31E6 /* AppCanKit.framework in Frameworks */ = {isa = PBXBuildFile; fileRef = 21F384521D62A306008A31E6 /* AppCanKit.framework */; };
/* End PBXBuildFile section */

/* Begin PBXCopyFilesBuildPhase section */
		09386F2B1C9A77A20073B88E /* CopyFiles */ = {
			isa = PBXCopyFilesBuildPhase;
			buildActionMask = 2147483647;
			dstPath = "";
			dstSubfolderSpec = 16;
			files = (
				093C84721CEF201100BF4F1F /* Masonry.framework in CopyFiles */,
			);
			runOnlyForDeploymentPostprocessing = 0;
		};
/* End PBXCopyFilesBuildPhase section */

/* Begin PBXFileReference section */
		09386F2D1C9A77A20073B88E /* libuexScrawl.a */ = {isa = PBXFileReference; explicitFileType = archive.ar; includeInIndex = 0; path = libuexScrawl.a; sourceTree = BUILT_PRODUCTS_DIR; };
		09386F301C9A77A20073B88E /* EUExScrawl.h */ = {isa = PBXFileReference; lastKnownFileType = sourcecode.c.h; path = EUExScrawl.h; sourceTree = "<group>"; };
		09386F321C9A77A20073B88E /* EUExScrawl.m */ = {isa = PBXFileReference; lastKnownFileType = sourcecode.c.objc; path = EUExScrawl.m; sourceTree = "<group>"; };
		093C846F1CEF1FAD00BF4F1F /* Masonry.framework */ = {isa = PBXFileReference; lastKnownFileType = wrapper.framework; path = Masonry.framework; sourceTree = "<group>"; };
		09FAC4A21C9A7EE400B4B903 /* DrawerView.h */ = {isa = PBXFileReference; fileEncoding = 4; lastKnownFileType = sourcecode.c.h; path = DrawerView.h; sourceTree = "<group>"; };
		09FAC4A31C9A7EE400B4B903 /* DrawerView.m */ = {isa = PBXFileReference; fileEncoding = 4; lastKnownFileType = sourcecode.c.objc; path = DrawerView.m; sourceTree = "<group>"; };
		09FAC4A41C9A7EE400B4B903 /* HVWBezierPath.h */ = {isa = PBXFileReference; fileEncoding = 4; lastKnownFileType = sourcecode.c.h; path = HVWBezierPath.h; sourceTree = "<group>"; };
		09FAC4A51C9A7EE400B4B903 /* HVWBezierPath.m */ = {isa = PBXFileReference; fileEncoding = 4; lastKnownFileType = sourcecode.c.objc; path = HVWBezierPath.m; sourceTree = "<group>"; };
		09FAC4A61C9A7EE400B4B903 /* MyView.h */ = {isa = PBXFileReference; fileEncoding = 4; lastKnownFileType = sourcecode.c.h; path = MyView.h; sourceTree = "<group>"; };
		09FAC4A71C9A7EE400B4B903 /* MyView.m */ = {isa = PBXFileReference; fileEncoding = 4; lastKnownFileType = sourcecode.c.objc; path = MyView.m; sourceTree = "<group>"; };
		09FAC4A81C9A7EE400B4B903 /* PaintingViewController.h */ = {isa = PBXFileReference; fileEncoding = 4; lastKnownFileType = sourcecode.c.h; path = PaintingViewController.h; sourceTree = "<group>"; };
		09FAC4A91C9A7EE400B4B903 /* PaintingViewController.m */ = {isa = PBXFileReference; fileEncoding = 4; lastKnownFileType = sourcecode.c.objc; path = PaintingViewController.m; sourceTree = "<group>"; };
		09FAC4BA1C9A7F7B00B4B903 /* EUExBaseDefine.h */ = {isa = PBXFileReference; fileEncoding = 4; lastKnownFileType = sourcecode.c.h; path = EUExBaseDefine.h; sourceTree = "<group>"; };
		09FAC4BB1C9A7F7B00B4B903 /* EUtility.h */ = {isa = PBXFileReference; fileEncoding = 4; lastKnownFileType = sourcecode.c.h; path = EUtility.h; sourceTree = "<group>"; };
		21F384521D62A306008A31E6 /* AppCanKit.framework */ = {isa = PBXFileReference; lastKnownFileType = wrapper.framework; path = AppCanKit.framework; sourceTree = "<group>"; };
/* End PBXFileReference section */

/* Begin PBXFrameworksBuildPhase section */
		09386F2A1C9A77A20073B88E /* Frameworks */ = {
			isa = PBXFrameworksBuildPhase;
			buildActionMask = 2147483647;
			files = (
				21F384531D62A306008A31E6 /* AppCanKit.framework in Frameworks */,
				093C84701CEF1FAD00BF4F1F /* Masonry.framework in Frameworks */,
			);
			runOnlyForDeploymentPostprocessing = 0;
		};
/* End PBXFrameworksBuildPhase section */

/* Begin PBXGroup section */
		09386F241C9A77A20073B88E = {
			isa = PBXGroup;
			children = (
				09FAC4B81C9A7F7B00B4B903 /* engineHeader */,
				09386F2F1C9A77A20073B88E /* EUExScrawl */,
				09FAC47C1C9A7EE400B4B903 /* sourceCode */,
				09386F2E1C9A77A20073B88E /* Products */,
			);
			sourceTree = "<group>";
		};
		09386F2E1C9A77A20073B88E /* Products */ = {
			isa = PBXGroup;
			children = (
				09386F2D1C9A77A20073B88E /* libuexScrawl.a */,
			);
			name = Products;
			sourceTree = "<group>";
		};
		09386F2F1C9A77A20073B88E /* EUExScrawl */ = {
			isa = PBXGroup;
			children = (
				09386F301C9A77A20073B88E /* EUExScrawl.h */,
				09386F321C9A77A20073B88E /* EUExScrawl.m */,
			);
			path = EUExScrawl;
			sourceTree = "<group>";
		};
		09FAC47C1C9A7EE400B4B903 /* sourceCode */ = {
			isa = PBXGroup;
			children = (
				21F384521D62A306008A31E6 /* AppCanKit.framework */,
				093C846F1CEF1FAD00BF4F1F /* Masonry.framework */,
				09FAC4A11C9A7EE400B4B903 /* PaintingViewController */,
			);
			name = sourceCode;
			path = EUExScrawl/sourceCode;
			sourceTree = "<group>";
		};
		09FAC4A11C9A7EE400B4B903 /* PaintingViewController */ = {
			isa = PBXGroup;
			children = (
				09FAC4A21C9A7EE400B4B903 /* DrawerView.h */,
				09FAC4A31C9A7EE400B4B903 /* DrawerView.m */,
				09FAC4A41C9A7EE400B4B903 /* HVWBezierPath.h */,
				09FAC4A51C9A7EE400B4B903 /* HVWBezierPath.m */,
				09FAC4A61C9A7EE400B4B903 /* MyView.h */,
				09FAC4A71C9A7EE400B4B903 /* MyView.m */,
				09FAC4A81C9A7EE400B4B903 /* PaintingViewController.h */,
				09FAC4A91C9A7EE400B4B903 /* PaintingViewController.m */,
			);
			path = PaintingViewController;
			sourceTree = "<group>";
		};
		09FAC4B81C9A7F7B00B4B903 /* engineHeader */ = {
			isa = PBXGroup;
			children = (
				09FAC4BA1C9A7F7B00B4B903 /* EUExBaseDefine.h */,
				09FAC4BB1C9A7F7B00B4B903 /* EUtility.h */,
			);
			name = engineHeader;
			path = EUExScrawl/engineHeader;
			sourceTree = "<group>";
		};
/* End PBXGroup section */

/* Begin PBXNativeTarget section */
		09386F2C1C9A77A20073B88E /* EUExScrawl */ = {
			isa = PBXNativeTarget;
			buildConfigurationList = 09386F361C9A77A20073B88E /* Build configuration list for PBXNativeTarget "EUExScrawl" */;
			buildPhases = (
				09386F291C9A77A20073B88E /* Sources */,
				09386F2A1C9A77A20073B88E /* Frameworks */,
				09386F2B1C9A77A20073B88E /* CopyFiles */,
			);
			buildRules = (
			);
			dependencies = (
			);
			name = EUExScrawl;
			productName = EUExScrawl;
			productReference = 09386F2D1C9A77A20073B88E /* libuexScrawl.a */;
			productType = "com.apple.product-type.library.static";
		};
/* End PBXNativeTarget section */

/* Begin PBXProject section */
		09386F251C9A77A20073B88E /* Project object */ = {
			isa = PBXProject;
			attributes = {
				LastUpgradeCheck = 0720;
				ORGANIZATIONNAME = "杨广";
				TargetAttributes = {
					09386F2C1C9A77A20073B88E = {
						CreatedOnToolsVersion = 7.2;
						DevelopmentTeam = 66G34575QZ;
					};
				};
			};
			buildConfigurationList = 09386F281C9A77A20073B88E /* Build configuration list for PBXProject "EUExScrawl" */;
			compatibilityVersion = "Xcode 3.2";
			developmentRegion = English;
			hasScannedForEncodings = 0;
			knownRegions = (
				en,
			);
			mainGroup = 09386F241C9A77A20073B88E;
			productRefGroup = 09386F2E1C9A77A20073B88E /* Products */;
			projectDirPath = "";
			projectRoot = "";
			targets = (
				09386F2C1C9A77A20073B88E /* EUExScrawl */,
			);
		};
/* End PBXProject section */

/* Begin PBXSourcesBuildPhase section */
		09386F291C9A77A20073B88E /* Sources */ = {
			isa = PBXSourcesBuildPhase;
			buildActionMask = 2147483647;
			files = (
				09386F331C9A77A20073B88E /* EUExScrawl.m in Sources */,
				09FAC4B71C9A7EE400B4B903 /* PaintingViewController.m in Sources */,
				09FAC4B61C9A7EE400B4B903 /* MyView.m in Sources */,
				09FAC4B41C9A7EE400B4B903 /* DrawerView.m in Sources */,
				09FAC4B51C9A7EE400B4B903 /* HVWBezierPath.m in Sources */,
			);
			runOnlyForDeploymentPostprocessing = 0;
		};
/* End PBXSourcesBuildPhase section */

/* Begin XCBuildConfiguration section */
		09386F341C9A77A20073B88E /* Debug */ = {
			isa = XCBuildConfiguration;
			buildSettings = {
				ALWAYS_SEARCH_USER_PATHS = NO;
				CLANG_CXX_LANGUAGE_STANDARD = "gnu++0x";
				CLANG_CXX_LIBRARY = "libc++";
				CLANG_ENABLE_MODULES = YES;
				CLANG_ENABLE_OBJC_ARC = YES;
				CLANG_WARN_BOOL_CONVERSION = YES;
				CLANG_WARN_CONSTANT_CONVERSION = YES;
				CLANG_WARN_DIRECT_OBJC_ISA_USAGE = YES_ERROR;
				CLANG_WARN_EMPTY_BODY = YES;
				CLANG_WARN_ENUM_CONVERSION = YES;
				CLANG_WARN_INT_CONVERSION = YES;
				CLANG_WARN_OBJC_ROOT_CLASS = YES_ERROR;
				CLANG_WARN_UNREACHABLE_CODE = YES;
				CLANG_WARN__DUPLICATE_METHOD_MATCH = YES;
				"CODE_SIGN_IDENTITY[sdk=iphoneos*]" = "iPhone Developer";
				CONFIGURATION_BUILD_DIR = $SRCROOT/uexScrawl;
				COPY_PHASE_STRIP = NO;
				DEBUG_INFORMATION_FORMAT = dwarf;
				ENABLE_STRICT_OBJC_MSGSEND = YES;
				ENABLE_TESTABILITY = YES;
				GCC_C_LANGUAGE_STANDARD = gnu99;
				GCC_DYNAMIC_NO_PIC = NO;
				GCC_NO_COMMON_BLOCKS = YES;
				GCC_OPTIMIZATION_LEVEL = 0;
				GCC_PREPROCESSOR_DEFINITIONS = (
					"DEBUG=1",
					"$(inherited)",
				);
				GCC_WARN_64_TO_32_BIT_CONVERSION = YES;
				GCC_WARN_ABOUT_RETURN_TYPE = YES_ERROR;
				GCC_WARN_UNDECLARED_SELECTOR = YES;
				GCC_WARN_UNINITIALIZED_AUTOS = YES_AGGRESSIVE;
				GCC_WARN_UNUSED_FUNCTION = YES;
				GCC_WARN_UNUSED_VARIABLE = YES;
				IPHONEOS_DEPLOYMENT_TARGET = 9.2;
				MTL_ENABLE_DEBUG_INFO = YES;
				ONLY_ACTIVE_ARCH = YES;
				SDKROOT = iphoneos;
			};
			name = Debug;
		};
		09386F351C9A77A20073B88E /* Release */ = {
			isa = XCBuildConfiguration;
			buildSettings = {
				ALWAYS_SEARCH_USER_PATHS = NO;
				CLANG_CXX_LANGUAGE_STANDARD = "gnu++0x";
				CLANG_CXX_LIBRARY = "libc++";
				CLANG_ENABLE_MODULES = YES;
				CLANG_ENABLE_OBJC_ARC = YES;
				CLANG_WARN_BOOL_CONVERSION = YES;
				CLANG_WARN_CONSTANT_CONVERSION = YES;
				CLANG_WARN_DIRECT_OBJC_ISA_USAGE = YES_ERROR;
				CLANG_WARN_EMPTY_BODY = YES;
				CLANG_WARN_ENUM_CONVERSION = YES;
				CLANG_WARN_INT_CONVERSION = YES;
				CLANG_WARN_OBJC_ROOT_CLASS = YES_ERROR;
				CLANG_WARN_UNREACHABLE_CODE = YES;
				CLANG_WARN__DUPLICATE_METHOD_MATCH = YES;
				"CODE_SIGN_IDENTITY[sdk=iphoneos*]" = "iPhone Developer";
				CONFIGURATION_BUILD_DIR = $SRCROOT/uexScrawl;
				COPY_PHASE_STRIP = NO;
				DEBUG_INFORMATION_FORMAT = "dwarf-with-dsym";
				ENABLE_NS_ASSERTIONS = NO;
				ENABLE_STRICT_OBJC_MSGSEND = YES;
				GCC_C_LANGUAGE_STANDARD = gnu99;
				GCC_NO_COMMON_BLOCKS = YES;
				GCC_WARN_64_TO_32_BIT_CONVERSION = YES;
				GCC_WARN_ABOUT_RETURN_TYPE = YES_ERROR;
				GCC_WARN_UNDECLARED_SELECTOR = YES;
				GCC_WARN_UNINITIALIZED_AUTOS = YES_AGGRESSIVE;
				GCC_WARN_UNUSED_FUNCTION = YES;
				GCC_WARN_UNUSED_VARIABLE = YES;
				IPHONEOS_DEPLOYMENT_TARGET = 9.2;
				MTL_ENABLE_DEBUG_INFO = NO;
				SDKROOT = iphoneos;
				VALIDATE_PRODUCT = YES;
			};
			name = Release;
		};
		09386F371C9A77A20073B88E /* Debug */ = {
			isa = XCBuildConfiguration;
			buildSettings = {
				FRAMEWORK_SEARCH_PATHS = (
					"$(inherited)",
					"$(PROJECT_DIR)/EUExScrawl/sourceCode",
				);
				OTHER_LDFLAGS = "-ObjC";
				PRODUCT_NAME = uexScrawl;
				SKIP_INSTALL = YES;
			};
			name = Debug;
		};
		09386F381C9A77A20073B88E /* Release */ = {
			isa = XCBuildConfiguration;
			buildSettings = {
				FRAMEWORK_SEARCH_PATHS = (
					"$(inherited)",
					"$(PROJECT_DIR)/EUExScrawl/sourceCode",
				);
				OTHER_LDFLAGS = "-ObjC";
				PRODUCT_NAME = uexScrawl;
				SKIP_INSTALL = YES;
			};
			name = Release;
		};
/* End XCBuildConfiguration section */

/* Begin XCConfigurationList section */
		09386F281C9A77A20073B88E /* Build configuration list for PBXProject "EUExScrawl" */ = {
			isa = XCConfigurationList;
			buildConfigurations = (
				09386F341C9A77A20073B88E /* Debug */,
				09386F351C9A77A20073B88E /* Release */,
			);
			defaultConfigurationIsVisible = 0;
			defaultConfigurationName = Release;
		};
		09386F361C9A77A20073B88E /* Build configuration list for PBXNativeTarget "EUExScrawl" */ = {
			isa = XCConfigurationList;
			buildConfigurations = (
				09386F371C9A77A20073B88E /* Debug */,
				09386F381C9A77A20073B88E /* Release */,
			);
			defaultConfigurationIsVisible = 0;
			defaultConfigurationName = Release;
		};
/* End XCConfigurationList section */
	};
	rootObject = 09386F251C9A77A20073B88E /* Project object */;
}
